
Microsoft Visual Studio Solution File, Format Version 12.00
# Visual Studio 15
VisualStudioVersion = 15.0.26730.12
MinimumVisualStudioVersion = 10.0.40219.1
Project("{2150E333-8FDC-42A3-9474-1A3956D46DE8}") = "Tools", "Tools", "{7CAEC352-3E65-405C-A3DA-72BB5255C910}"
EndProject
Project("{FAE04EC0-301F-11D3-BF4B-00C04F79EFBC}") = "MercyBot.Windows", "MercyBot.Windows\MercyBot.Windows.csproj", "{0BAF4CEF-6DA7-429F-A17F-BE60E79EE77D}"
EndProject
Project("{FAE04EC0-301F-11D3-BF4B-00C04F79EFBC}") = "MercyBot.Protocol", "MercyBot.Protocol\MercyBot.Protocol.csproj", "{7D1C5B65-0D64-46DB-8F9B-E1B57DAF3F10}"
EndProject
Project("{FAE04EC0-301F-11D3-BF4B-00C04F79EFBC}") = "AntiRecaptcha", "AntiRecaptcha\AntiRecaptcha.csproj", "{A72CB0A7-B4C3-4CDA-B08C-3CEAE0CA3A0A}"
EndProject
Project("{9A19103F-16F7-4668-BE54-9A1E7A4F7556}") = "MercyBot.Server", "MercyBot.Server\MercyBot.Server.csproj", "{65BC920D-7504-4538-9928-F5F563C71AB3}"
EndProject
Project("{FAE04EC0-301F-11D3-BF4B-00C04F79EFBC}") = "MercyBot.WPF", "MercyBot.WPF\MercyBot.WPF.csproj", "{10A01529-59FA-4A41-828E-17B3C4D4DD04}"
EndProject
Project("{FAE04EC0-301F-11D3-BF4B-00C04F79EFBC}") = "MercyBot.Updater", "MercyBot.Updater\MercyBot.Updater.csproj", "{8B54C9BA-71D6-4D9B-A1CA-D529728C371B}"
EndProject
Project("{FAE04EC0-301F-11D3-BF4B-00C04F79EFBC}") = "Helpers", "Tools\Helpers\Helpers.csproj", "{56075190-95F2-4731-A04F-A6BC14E605EA}"
EndProject
Project("{FAE04EC0-301F-11D3-BF4B-00C04F79EFBC}") = "MapViewer", "Tools\MapViewer\MapViewer.csproj", "{A4DF3176-5605-43AD-8CC4-456D551F01CC}"
EndProject
Project("{FAE04EC0-301F-11D3-BF4B-00C04F79EFBC}") = "MercyBot Translator", "Tools\MercyBot Translator\MercyBot Translator\MercyBot Translator.csproj", "{0209A732-E810-4504-B1EB-68D3FD6DE19D}"
EndProject
Project("{FAE04EC0-301F-11D3-BF4B-00C04F79EFBC}") = "MercyBot Hash", "Tools\MercyBot Hash\MercyBot Hash.csproj", "{6AC4783E-B9FA-4BAD-B6BF-226202EC37FE}"
EndProject
Project("{FAE04EC0-301F-11D3-BF4B-00C04F79EFBC}") = "Resx Generator", "Tools\Resx Generator\Resx Generator.csproj", "{C3D4C416-58B2-4A67-80A5-207B3FD860BB}"
EndProject
Project("{FAE04EC0-301F-11D3-BF4B-00C04F79EFBC}") = "MessagesCreator", "MessagesCreator\MessagesCreator.csproj", "{F389B994-C8F3-442C-92FE-34C2DD5CCBEB}"
EndProject
Project("{FAE04EC0-301F-11D3-BF4B-00C04F79EFBC}") = "ProjectTranslator", "ProjectTranslator\ProjectTranslator.csproj", "{2BED090B-7213-45E2-B211-40C98E5E9EEC}"
EndProject
Project("{2150E333-8FDC-42A3-9474-1A3956D46DE8}") = "Dofus 2", "Dofus 2", "{5A0C76BE-119C-41C6-838C-35ACECA68482}"
EndProject
Project("{FAE04EC0-301F-11D3-BF4B-00C04F79EFBC}") = "MercyBotPc", "Dofus 2\MercyBotPc\MercyBotPc.csproj", "{440D1A2E-8C32-4882-8C55-09752A52CB10}"
EndProject
Project("{FAE04EC0-301F-11D3-BF4B-00C04F79EFBC}") = "MercyBotPc.Protocol", "Dofus 2\MercyBotPc.Protocol\MercyBotPc.Protocol.csproj", "{2BCB441B-9480-4269-B47A-3B4327C493C6}"
EndProject
Project("{9A19103F-16F7-4668-BE54-9A1E7A4F7556}") = "MercyBot.Website", "MercyBot.Website\MercyBot.Website.csproj", "{2D9CA8DE-76F0-4973-A3B3-A3A1B7494FA1}"
EndProject
Project("{2150E333-8FDC-42A3-9474-1A3956D46DE8}") = "Web", "Web", "{7ABAB6D7-7D11-492A-AD06-0FDB57F368A1}"
EndProject
Project("{9A19103F-16F7-4668-BE54-9A1E7A4F7556}") = "MercyBot.Api", "MercyBot.Api\MercyBot.Api.csproj", "{F1C73701-448C-4D65-9087-A809473DAE6A}"
EndProject
Project("{FAE04EC0-301F-11D3-BF4B-00C04F79EFBC}") = "SBTToMBT", "SBTToMBT\SBTToMBT.csproj", "{47120D62-14CE-4AA3-BFCD-7A2891085B57}"
EndProject
Project("{FAE04EC0-301F-11D3-BF4B-00C04F79EFBC}") = "MBugsReader", "Tools\MBugsReader\MBugsReader.csproj", "{A46D8177-35DF-4666-98B3-5564F2EC1306}"
EndProject
Global
	GlobalSection(SolutionConfigurationPlatforms) = preSolution
		Debug|Any CPU = Debug|Any CPU
		Release|Any CPU = Release|Any CPU
	EndGlobalSection
	GlobalSection(ProjectConfigurationPlatforms) = postSolution
		{0BAF4CEF-6DA7-429F-A17F-BE60E79EE77D}.Debug|Any CPU.ActiveCfg = Debug|Any CPU
		{0BAF4CEF-6DA7-429F-A17F-BE60E79EE77D}.Debug|Any CPU.Build.0 = Debug|Any CPU
		{0BAF4CEF-6DA7-429F-A17F-BE60E79EE77D}.Release|Any CPU.ActiveCfg = Release|Any CPU
		{0BAF4CEF-6DA7-429F-A17F-BE60E79EE77D}.Release|Any CPU.Build.0 = Release|Any CPU
		{7D1C5B65-0D64-46DB-8F9B-E1B57DAF3F10}.Debug|Any CPU.ActiveCfg = Debug|Any CPU
		{7D1C5B65-0D64-46DB-8F9B-E1B57DAF3F10}.Debug|Any CPU.Build.0 = Debug|Any CPU
		{7D1C5B65-0D64-46DB-8F9B-E1B57DAF3F10}.Release|Any CPU.ActiveCfg = Release|Any CPU
		{7D1C5B65-0D64-46DB-8F9B-E1B57DAF3F10}.Release|Any CPU.Build.0 = Release|Any CPU
		{A72CB0A7-B4C3-4CDA-B08C-3CEAE0CA3A0A}.Debug|Any CPU.ActiveCfg = Debug|Any CPU
		{A72CB0A7-B4C3-4CDA-B08C-3CEAE0CA3A0A}.Debug|Any CPU.Build.0 = Debug|Any CPU
		{A72CB0A7-B4C3-4CDA-B08C-3CEAE0CA3A0A}.Release|Any CPU.ActiveCfg = Release|Any CPU
		{A72CB0A7-B4C3-4CDA-B08C-3CEAE0CA3A0A}.Release|Any CPU.Build.0 = Release|Any CPU
		{65BC920D-7504-4538-9928-F5F563C71AB3}.Debug|Any CPU.ActiveCfg = Debug|Any CPU
		{65BC920D-7504-4538-9928-F5F563C71AB3}.Debug|Any CPU.Build.0 = Debug|Any CPU
		{65BC920D-7504-4538-9928-F5F563C71AB3}.Release|Any CPU.ActiveCfg = Release|Any CPU
		{65BC920D-7504-4538-9928-F5F563C71AB3}.Release|Any CPU.Build.0 = Release|Any CPU
		{10A01529-59FA-4A41-828E-17B3C4D4DD04}.Debug|Any CPU.ActiveCfg = Debug|Any CPU
		{10A01529-59FA-4A41-828E-17B3C4D4DD04}.Debug|Any CPU.Build.0 = Debug|Any CPU
		{10A01529-59FA-4A41-828E-17B3C4D4DD04}.Release|Any CPU.ActiveCfg = Release|Any CPU
		{10A01529-59FA-4A41-828E-17B3C4D4DD04}.Release|Any CPU.Build.0 = Release|Any CPU
		{8B54C9BA-71D6-4D9B-A1CA-D529728C371B}.Debug|Any CPU.ActiveCfg = Debug|Any CPU
		{8B54C9BA-71D6-4D9B-A1CA-D529728C371B}.Debug|Any CPU.Build.0 = Debug|Any CPU
		{8B54C9BA-71D6-4D9B-A1CA-D529728C371B}.Release|Any CPU.ActiveCfg = Release|Any CPU
		{8B54C9BA-71D6-4D9B-A1CA-D529728C371B}.Release|Any CPU.Build.0 = Release|Any CPU
		{56075190-95F2-4731-A04F-A6BC14E605EA}.Debug|Any CPU.ActiveCfg = Debug|Any CPU
		{56075190-95F2-4731-A04F-A6BC14E605EA}.Debug|Any CPU.Build.0 = Debug|Any CPU
		{56075190-95F2-4731-A04F-A6BC14E605EA}.Release|Any CPU.ActiveCfg = Release|Any CPU
		{56075190-95F2-4731-A04F-A6BC14E605EA}.Release|Any CPU.Build.0 = Release|Any CPU
		{A4DF3176-5605-43AD-8CC4-456D551F01CC}.Debug|Any CPU.ActiveCfg = Debug|Any CPU
		{A4DF3176-5605-43AD-8CC4-456D551F01CC}.Debug|Any CPU.Build.0 = Debug|Any CPU
		{A4DF3176-5605-43AD-8CC4-456D551F01CC}.Release|Any CPU.ActiveCfg = Release|Any CPU
		{A4DF3176-5605-43AD-8CC4-456D551F01CC}.Release|Any CPU.Build.0 = Release|Any CPU
		{0209A732-E810-4504-B1EB-68D3FD6DE19D}.Debug|Any CPU.ActiveCfg = Debug|Any CPU
		{0209A732-E810-4504-B1EB-68D3FD6DE19D}.Debug|Any CPU.Build.0 = Debug|Any CPU
		{0209A732-E810-4504-B1EB-68D3FD6DE19D}.Release|Any CPU.ActiveCfg = Release|Any CPU
		{0209A732-E810-4504-B1EB-68D3FD6DE19D}.Release|Any CPU.Build.0 = Release|Any CPU
		{6AC4783E-B9FA-4BAD-B6BF-226202EC37FE}.Debug|Any CPU.ActiveCfg = Debug|Any CPU
		{6AC4783E-B9FA-4BAD-B6BF-226202EC37FE}.Debug|Any CPU.Build.0 = Debug|Any CPU
		{6AC4783E-B9FA-4BAD-B6BF-226202EC37FE}.Release|Any CPU.ActiveCfg = Release|Any CPU
		{6AC4783E-B9FA-4BAD-B6BF-226202EC37FE}.Release|Any CPU.Build.0 = Release|Any CPU
		{C3D4C416-58B2-4A67-80A5-207B3FD860BB}.Debug|Any CPU.ActiveCfg = Debug|Any CPU
		{C3D4C416-58B2-4A67-80A5-207B3FD860BB}.Debug|Any CPU.Build.0 = Debug|Any CPU
		{C3D4C416-58B2-4A67-80A5-207B3FD860BB}.Release|Any CPU.ActiveCfg = Release|Any CPU
		{C3D4C416-58B2-4A67-80A5-207B3FD860BB}.Release|Any CPU.Build.0 = Release|Any CPU
		{F389B994-C8F3-442C-92FE-34C2DD5CCBEB}.Debug|Any CPU.ActiveCfg = Debug|Any CPU
		{F389B994-C8F3-442C-92FE-34C2DD5CCBEB}.Debug|Any CPU.Build.0 = Debug|Any CPU
		{F389B994-C8F3-442C-92FE-34C2DD5CCBEB}.Release|Any CPU.ActiveCfg = Release|Any CPU
		{F389B994-C8F3-442C-92FE-34C2DD5CCBEB}.Release|Any CPU.Build.0 = Release|Any CPU
		{2BED090B-7213-45E2-B211-40C98E5E9EEC}.Debug|Any CPU.ActiveCfg = Debug|Any CPU
		{2BED090B-7213-45E2-B211-40C98E5E9EEC}.Debug|Any CPU.Build.0 = Debug|Any CPU
		{2BED090B-7213-45E2-B211-40C98E5E9EEC}.Release|Any CPU.ActiveCfg = Release|Any CPU
		{2BED090B-7213-45E2-B211-40C98E5E9EEC}.Release|Any CPU.Build.0 = Release|Any CPU
		{440D1A2E-8C32-4882-8C55-09752A52CB10}.Debug|Any CPU.ActiveCfg = Debug|Any CPU
		{440D1A2E-8C32-4882-8C55-09752A52CB10}.Debug|Any CPU.Build.0 = Debug|Any CPU
		{440D1A2E-8C32-4882-8C55-09752A52CB10}.Release|Any CPU.ActiveCfg = Release|Any CPU
		{440D1A2E-8C32-4882-8C55-09752A52CB10}.Release|Any CPU.Build.0 = Release|Any CPU
		{2BCB441B-9480-4269-B47A-3B4327C493C6}.Debug|Any CPU.ActiveCfg = Debug|Any CPU
		{2BCB441B-9480-4269-B47A-3B4327C493C6}.Debug|Any CPU.Build.0 = Debug|Any CPU
		{2BCB441B-9480-4269-B47A-3B4327C493C6}.Release|Any CPU.ActiveCfg = Release|Any CPU
		{2BCB441B-9480-4269-B47A-3B4327C493C6}.Release|Any CPU.Build.0 = Release|Any CPU
		{2D9CA8DE-76F0-4973-A3B3-A3A1B7494FA1}.Debug|Any CPU.ActiveCfg = Debug|Any CPU
		{2D9CA8DE-76F0-4973-A3B3-A3A1B7494FA1}.Debug|Any CPU.Build.0 = Debug|Any CPU
		{2D9CA8DE-76F0-4973-A3B3-A3A1B7494FA1}.Release|Any CPU.ActiveCfg = Release|Any CPU
		{2D9CA8DE-76F0-4973-A3B3-A3A1B7494FA1}.Release|Any CPU.Build.0 = Release|Any CPU
		{F1C73701-448C-4D65-9087-A809473DAE6A}.Debug|Any CPU.ActiveCfg = Debug|Any CPU
		{F1C73701-448C-4D65-9087-A809473DAE6A}.Debug|Any CPU.Build.0 = Debug|Any CPU
		{F1C73701-448C-4D65-9087-A809473DAE6A}.Release|Any CPU.ActiveCfg = Release|Any CPU
		{F1C73701-448C-4D65-9087-A809473DAE6A}.Release|Any CPU.Build.0 = Release|Any CPU
		{47120D62-14CE-4AA3-BFCD-7A2891085B57}.Debug|Any CPU.ActiveCfg = Debug|Any CPU
		{47120D62-14CE-4AA3-BFCD-7A2891085B57}.Debug|Any CPU.Build.0 = Debug|Any CPU
		{47120D62-14CE-4AA3-BFCD-7A2891085B57}.Release|Any CPU.ActiveCfg = Release|Any CPU
		{47120D62-14CE-4AA3-BFCD-7A2891085B57}.Release|Any CPU.Build.0 = Release|Any CPU
		{A46D8177-35DF-4666-98B3-5564F2EC1306}.Debug|Any CPU.ActiveCfg = Debug|Any CPU
		{A46D8177-35DF-4666-98B3-5564F2EC1306}.Debug|Any CPU.Build.0 = Debug|Any CPU
		{A46D8177-35DF-4666-98B3-5564F2EC1306}.Release|Any CPU.ActiveCfg = Release|Any CPU
		{A46D8177-35DF-4666-98B3-5564F2EC1306}.Release|Any CPU.Build.0 = Release|Any CPU
	EndGlobalSection
	GlobalSection(SolutionProperties) = preSolution
		HideSolutionNode = FALSE
	EndGlobalSection
	GlobalSection(NestedProjects) = preSolution
		{56075190-95F2-4731-A04F-A6BC14E605EA} = {7CAEC352-3E65-405C-A3DA-72BB5255C910}
		{A4DF3176-5605-43AD-8CC4-456D551F01CC} = {7CAEC352-3E65-405C-A3DA-72BB5255C910}
		{0209A732-E810-4504-B1EB-68D3FD6DE19D} = {7CAEC352-3E65-405C-A3DA-72BB5255C910}
		{6AC4783E-B9FA-4BAD-B6BF-226202EC37FE} = {7CAEC352-3E65-405C-A3DA-72BB5255C910}
		{C3D4C416-58B2-4A67-80A5-207B3FD860BB} = {7CAEC352-3E65-405C-A3DA-72BB5255C910}
		{F389B994-C8F3-442C-92FE-34C2DD5CCBEB} = {7CAEC352-3E65-405C-A3DA-72BB5255C910}
		{2BED090B-7213-45E2-B211-40C98E5E9EEC} = {7CAEC352-3E65-405C-A3DA-72BB5255C910}
		{440D1A2E-8C32-4882-8C55-09752A52CB10} = {5A0C76BE-119C-41C6-838C-35ACECA68482}
		{2BCB441B-9480-4269-B47A-3B4327C493C6} = {5A0C76BE-119C-41C6-838C-35ACECA68482}
		{2D9CA8DE-76F0-4973-A3B3-A3A1B7494FA1} = {7ABAB6D7-7D11-492A-AD06-0FDB57F368A1}
		{F1C73701-448C-4D65-9087-A809473DAE6A} = {7ABAB6D7-7D11-492A-AD06-0FDB57F368A1}
		{47120D62-14CE-4AA3-BFCD-7A2891085B57} = {7CAEC352-3E65-405C-A3DA-72BB5255C910}
		{A46D8177-35DF-4666-98B3-5564F2EC1306} = {7CAEC352-3E65-405C-A3DA-72BB5255C910}
	EndGlobalSection
	GlobalSection(ExtensibilityGlobals) = postSolution
		SolutionGuid = {8B27DD4E-551F-4496-A52A-558C9AF3BAF0}
	EndGlobalSection
	GlobalSection(Performance) = preSolution
		HasPerformanceSessions = true
	EndGlobalSection
EndGlobal
